
Microsoft Visual Studio Solution File, Format Version 12.00
# Visual Studio Version 16
VisualStudioVersion = 16.0.30711.63
MinimumVisualStudioVersion = 10.0.40219.1
Project("{FAE04EC0-301F-11D3-BF4B-00C04F79EFBC}") = "projektDatalagring", "projektDatalagring\projektDatalagring.csproj", "{A307140A-16D9-474C-8783-ABE066BB096F}"
EndProject
Global
	GlobalSection(SolutionConfigurationPlatforms) = preSolution
		Debug|Any CPU = Debug|Any CPU
		Release|Any CPU = Release|Any CPU
	EndGlobalSection
	GlobalSection(ProjectConfigurationPlatforms) = postSolution
		{A307140A-16D9-474C-8783-ABE066BB096F}.Debug|Any CPU.ActiveCfg = Debug|Any CPU
		{A307140A-16D9-474C-8783-ABE066BB096F}.Debug|Any CPU.Build.0 = Debug|Any CPU
		{A307140A-16D9-474C-8783-ABE066BB096F}.Release|Any CPU.ActiveCfg = Release|Any CPU
		{A307140A-16D9-474C-8783-ABE066BB096F}.Release|Any CPU.Build.0 = Release|Any CPU
	EndGlobalSection
	GlobalSection(SolutionProperties) = preSolution
		HideSolutionNode = FALSE
	EndGlobalSection
	GlobalSection(ExtensibilityGlobals) = postSolution
		SolutionGuid = {47F80651-E986-4404-95A4-B62410270C39}
	EndGlobalSection
EndGlobal
